
Microsoft Visual Studio Solution File, Format Version 12.00
# Visual Studio Express 2012 for Windows Desktop
Project("{FAE04EC0-301F-11D3-BF4B-00C04F79EFBC}") = "Project Yahtzee", "Project Yahtzee\Project Yahtzee.csproj", "{AAD419C2-181F-4F73-BD61-813B2577A395}"
EndProject
Global
	GlobalSection(SolutionConfigurationPlatforms) = preSolution
		Debug|Any CPU = Debug|Any CPU
		Release|Any CPU = Release|Any CPU
	EndGlobalSection
	GlobalSection(ProjectConfigurationPlatforms) = postSolution
		{AAD419C2-181F-4F73-BD61-813B2577A395}.Debug|Any CPU.ActiveCfg = Debug|Any CPU
		{AAD419C2-181F-4F73-BD61-813B2577A395}.Debug|Any CPU.Build.0 = Debug|Any CPU
		{AAD419C2-181F-4F73-BD61-813B2577A395}.Release|Any CPU.ActiveCfg = Release|Any CPU
		{AAD419C2-181F-4F73-BD61-813B2577A395}.Release|Any CPU.Build.0 = Release|Any CPU
	EndGlobalSection
	GlobalSection(SolutionProperties) = preSolution
		HideSolutionNode = FALSE
	EndGlobalSection
EndGlobal
